
Microsoft Visual Studio Solution File, Format Version 12.00
# Visual Studio Version 17
VisualStudioVersion = 17.7.34024.191
MinimumVisualStudioVersion = 10.0.40219.1
Project("{FAE04EC0-301F-11D3-BF4B-00C04F79EFBC}") = "Treasure_island", "Treasure_island\Treasure_island.csproj", "{F449B6CF-CADE-4C83-9739-E85A87E9DE29}"
EndProject
Global
	GlobalSection(SolutionConfigurationPlatforms) = preSolution
		Debug|Any CPU = Debug|Any CPU
		Release|Any CPU = Release|Any CPU
	EndGlobalSection
	GlobalSection(ProjectConfigurationPlatforms) = postSolution
		{F449B6CF-CADE-4C83-9739-E85A87E9DE29}.Debug|Any CPU.ActiveCfg = Debug|Any CPU
		{F449B6CF-CADE-4C83-9739-E85A87E9DE29}.Debug|Any CPU.Build.0 = Debug|Any CPU
		{F449B6CF-CADE-4C83-9739-E85A87E9DE29}.Release|Any CPU.ActiveCfg = Release|Any CPU
		{F449B6CF-CADE-4C83-9739-E85A87E9DE29}.Release|Any CPU.Build.0 = Release|Any CPU
	EndGlobalSection
	GlobalSection(SolutionProperties) = preSolution
		HideSolutionNode = FALSE
	EndGlobalSection
	GlobalSection(ExtensibilityGlobals) = postSolution
		SolutionGuid = {4667C095-E169-4913-B6B9-B97D6408D18F}
	EndGlobalSection
EndGlobal
